
Microsoft Visual Studio Solution File, Format Version 12.00
# Visual Studio Version 17
VisualStudioVersion = 17.5.33502.453
MinimumVisualStudioVersion = 10.0.40219.1
Project("{9A19103F-16F7-4668-BE54-9A1E7A4F7556}") = "Exceptions_9.1", "Exceptions_9.1\Exceptions_9.1.csproj", "{2B57339F-13D5-4C28-B52E-F13CA07EBB1C}"
EndProject
Project("{9A19103F-16F7-4668-BE54-9A1E7A4F7556}") = "Task_9.1.3", "Task_9.1.3\Task_9.1.3.csproj", "{7CD62A29-2E12-40AD-BC7E-A32D5C2110FB}"
EndProject
Project("{9A19103F-16F7-4668-BE54-9A1E7A4F7556}") = "Task_9.1.4", "Task_9.1.4\Task_9.1.4.csproj", "{99DA5EEC-AA26-41E5-9E88-6C40546BF02D}"
EndProject
Project("{9A19103F-16F7-4668-BE54-9A1E7A4F7556}") = "Practice_9.2", "Practice_9.2\Practice_9.2.csproj", "{80A90F3D-C4B1-4220-AD59-038C6B01C9F6}"
EndProject
Project("{9A19103F-16F7-4668-BE54-9A1E7A4F7556}") = "Task_9.2.2", "Task_9.2.2\Task_9.2.2.csproj", "{6F2592A4-63B6-41F0-9CFA-225D655C6D7D}"
EndProject
Project("{9A19103F-16F7-4668-BE54-9A1E7A4F7556}") = "Task_9.2.3", "Task_9.2.3\Task_9.2.3.csproj", "{19C617B2-C94B-42F8-A60A-793C41267938}"
EndProject
Project("{FAE04EC0-301F-11D3-BF4B-00C04F79EFBC}") = "Practice_9.3", "Practice_9.3\Practice_9.3.csproj", "{E1ADE77E-4146-4350-B102-E214336FCD56}"
EndProject
Project("{FAE04EC0-301F-11D3-BF4B-00C04F79EFBC}") = "Task_9.3.2", "Task_9.3\Task_9.3.2.csproj", "{E5C22B1D-2C13-4225-AD2A-8861670EA84C}"
EndProject
Project("{FAE04EC0-301F-11D3-BF4B-00C04F79EFBC}") = "Task_9.3.3", "Task_9.3.3\Task_9.3.3.csproj", "{5B93D44D-568C-4D49-B74D-31B5A62A7C8B}"
EndProject
Project("{FAE04EC0-301F-11D3-BF4B-00C04F79EFBC}") = "PracticeMulticastDeligate_9.3", "PracticeMulticastDeligate_9.3\PracticeMulticastDeligate_9.3.csproj", "{F3DD9290-5E5A-4260-B7C9-54597ECAB239}"
EndProject
Project("{FAE04EC0-301F-11D3-BF4B-00C04F79EFBC}") = "Task_9.3.4", "Task_9.3.4\Task_9.3.4.csproj", "{9906C402-DEA4-41D1-B313-8EF78A196DED}"
EndProject
Project("{FAE04EC0-301F-11D3-BF4B-00C04F79EFBC}") = "PraciceDeleteMethodsFromDelegate_9.3", "PraciceDeleteMethodsFromDelegate_9.3\PraciceDeleteMethodsFromDelegate_9.3.csproj", "{FEBB1498-0F6D-4517-AA67-604E8B44C336}"
EndProject
Project("{FAE04EC0-301F-11D3-BF4B-00C04F79EFBC}") = "Task_9.3.5", "Task_9.3.5\Task_9.3.5.csproj", "{82BA9467-A425-4642-8F78-1DE90754F27C}"
EndProject
Project("{FAE04EC0-301F-11D3-BF4B-00C04F79EFBC}") = "PracticeUnionOfDelegates_9.3", "PracticeUnionOfDelegates_9.3\PracticeUnionOfDelegates_9.3.csproj", "{FB27036B-91D4-4DF6-8C45-0CC4FBDC3AB9}"
EndProject
Project("{FAE04EC0-301F-11D3-BF4B-00C04F79EFBC}") = "Task_9.3.7", "Task_9.3.7\Task_9.3.7.csproj", "{43480B0F-DDBF-4536-B231-3F70E5BE226A}"
EndProject
Project("{FAE04EC0-301F-11D3-BF4B-00C04F79EFBC}") = "Task_9.3.8", "PracticeTemplateDelegates_9.3\Task_9.3.8.csproj", "{28EED41A-C79A-42BB-B333-F87471662F07}"
EndProject
Project("{FAE04EC0-301F-11D3-BF4B-00C04F79EFBC}") = "PracticeaAonymousMethods_9.3", "PracticeaAonymousMethods_9.3\PracticeaAonymousMethods_9.3.csproj", "{C958BA65-EF0A-4974-8823-E6CF93FC54AE}"
EndProject
Project("{FAE04EC0-301F-11D3-BF4B-00C04F79EFBC}") = "Task_9.3.12", "Task_9.3.12\Task_9.3.12.csproj", "{DF7B6619-4AA0-4315-80F0-ECC3ACE0BA57}"
EndProject
Global
	GlobalSection(SolutionConfigurationPlatforms) = preSolution
		Debug|Any CPU = Debug|Any CPU
		Release|Any CPU = Release|Any CPU
	EndGlobalSection
	GlobalSection(ProjectConfigurationPlatforms) = postSolution
		{2B57339F-13D5-4C28-B52E-F13CA07EBB1C}.Debug|Any CPU.ActiveCfg = Debug|Any CPU
		{2B57339F-13D5-4C28-B52E-F13CA07EBB1C}.Debug|Any CPU.Build.0 = Debug|Any CPU
		{2B57339F-13D5-4C28-B52E-F13CA07EBB1C}.Release|Any CPU.ActiveCfg = Release|Any CPU
		{2B57339F-13D5-4C28-B52E-F13CA07EBB1C}.Release|Any CPU.Build.0 = Release|Any CPU
		{7CD62A29-2E12-40AD-BC7E-A32D5C2110FB}.Debug|Any CPU.ActiveCfg = Debug|Any CPU
		{7CD62A29-2E12-40AD-BC7E-A32D5C2110FB}.Debug|Any CPU.Build.0 = Debug|Any CPU
		{7CD62A29-2E12-40AD-BC7E-A32D5C2110FB}.Release|Any CPU.ActiveCfg = Release|Any CPU
		{7CD62A29-2E12-40AD-BC7E-A32D5C2110FB}.Release|Any CPU.Build.0 = Release|Any CPU
		{99DA5EEC-AA26-41E5-9E88-6C40546BF02D}.Debug|Any CPU.ActiveCfg = Debug|Any CPU
		{99DA5EEC-AA26-41E5-9E88-6C40546BF02D}.Debug|Any CPU.Build.0 = Debug|Any CPU
		{99DA5EEC-AA26-41E5-9E88-6C40546BF02D}.Release|Any CPU.ActiveCfg = Release|Any CPU
		{99DA5EEC-AA26-41E5-9E88-6C40546BF02D}.Release|Any CPU.Build.0 = Release|Any CPU
		{80A90F3D-C4B1-4220-AD59-038C6B01C9F6}.Debug|Any CPU.ActiveCfg = Debug|Any CPU
		{80A90F3D-C4B1-4220-AD59-038C6B01C9F6}.Debug|Any CPU.Build.0 = Debug|Any CPU
		{80A90F3D-C4B1-4220-AD59-038C6B01C9F6}.Release|Any CPU.ActiveCfg = Release|Any CPU
		{80A90F3D-C4B1-4220-AD59-038C6B01C9F6}.Release|Any CPU.Build.0 = Release|Any CPU
		{6F2592A4-63B6-41F0-9CFA-225D655C6D7D}.Debug|Any CPU.ActiveCfg = Debug|Any CPU
		{6F2592A4-63B6-41F0-9CFA-225D655C6D7D}.Debug|Any CPU.Build.0 = Debug|Any CPU
		{6F2592A4-63B6-41F0-9CFA-225D655C6D7D}.Release|Any CPU.ActiveCfg = Release|Any CPU
		{6F2592A4-63B6-41F0-9CFA-225D655C6D7D}.Release|Any CPU.Build.0 = Release|Any CPU
		{19C617B2-C94B-42F8-A60A-793C41267938}.Debug|Any CPU.ActiveCfg = Debug|Any CPU
		{19C617B2-C94B-42F8-A60A-793C41267938}.Debug|Any CPU.Build.0 = Debug|Any CPU
		{19C617B2-C94B-42F8-A60A-793C41267938}.Release|Any CPU.ActiveCfg = Release|Any CPU
		{19C617B2-C94B-42F8-A60A-793C41267938}.Release|Any CPU.Build.0 = Release|Any CPU
		{E1ADE77E-4146-4350-B102-E214336FCD56}.Debug|Any CPU.ActiveCfg = Debug|Any CPU
		{E1ADE77E-4146-4350-B102-E214336FCD56}.Debug|Any CPU.Build.0 = Debug|Any CPU
		{E1ADE77E-4146-4350-B102-E214336FCD56}.Release|Any CPU.ActiveCfg = Release|Any CPU
		{E1ADE77E-4146-4350-B102-E214336FCD56}.Release|Any CPU.Build.0 = Release|Any CPU
		{E5C22B1D-2C13-4225-AD2A-8861670EA84C}.Debug|Any CPU.ActiveCfg = Debug|Any CPU
		{E5C22B1D-2C13-4225-AD2A-8861670EA84C}.Debug|Any CPU.Build.0 = Debug|Any CPU
		{E5C22B1D-2C13-4225-AD2A-8861670EA84C}.Release|Any CPU.ActiveCfg = Release|Any CPU
		{E5C22B1D-2C13-4225-AD2A-8861670EA84C}.Release|Any CPU.Build.0 = Release|Any CPU
		{5B93D44D-568C-4D49-B74D-31B5A62A7C8B}.Debug|Any CPU.ActiveCfg = Debug|Any CPU
		{5B93D44D-568C-4D49-B74D-31B5A62A7C8B}.Debug|Any CPU.Build.0 = Debug|Any CPU
		{5B93D44D-568C-4D49-B74D-31B5A62A7C8B}.Release|Any CPU.ActiveCfg = Release|Any CPU
		{5B93D44D-568C-4D49-B74D-31B5A62A7C8B}.Release|Any CPU.Build.0 = Release|Any CPU
		{F3DD9290-5E5A-4260-B7C9-54597ECAB239}.Debug|Any CPU.ActiveCfg = Debug|Any CPU
		{F3DD9290-5E5A-4260-B7C9-54597ECAB239}.Debug|Any CPU.Build.0 = Debug|Any CPU
		{F3DD9290-5E5A-4260-B7C9-54597ECAB239}.Release|Any CPU.ActiveCfg = Release|Any CPU
		{F3DD9290-5E5A-4260-B7C9-54597ECAB239}.Release|Any CPU.Build.0 = Release|Any CPU
		{9906C402-DEA4-41D1-B313-8EF78A196DED}.Debug|Any CPU.ActiveCfg = Debug|Any CPU
		{9906C402-DEA4-41D1-B313-8EF78A196DED}.Debug|Any CPU.Build.0 = Debug|Any CPU
		{9906C402-DEA4-41D1-B313-8EF78A196DED}.Release|Any CPU.ActiveCfg = Release|Any CPU
		{9906C402-DEA4-41D1-B313-8EF78A196DED}.Release|Any CPU.Build.0 = Release|Any CPU
		{FEBB1498-0F6D-4517-AA67-604E8B44C336}.Debug|Any CPU.ActiveCfg = Debug|Any CPU
		{FEBB1498-0F6D-4517-AA67-604E8B44C336}.Debug|Any CPU.Build.0 = Debug|Any CPU
		{FEBB1498-0F6D-4517-AA67-604E8B44C336}.Release|Any CPU.ActiveCfg = Release|Any CPU
		{FEBB1498-0F6D-4517-AA67-604E8B44C336}.Release|Any CPU.Build.0 = Release|Any CPU
		{82BA9467-A425-4642-8F78-1DE90754F27C}.Debug|Any CPU.ActiveCfg = Debug|Any CPU
		{82BA9467-A425-4642-8F78-1DE90754F27C}.Debug|Any CPU.Build.0 = Debug|Any CPU
		{82BA9467-A425-4642-8F78-1DE90754F27C}.Release|Any CPU.ActiveCfg = Release|Any CPU
		{82BA9467-A425-4642-8F78-1DE90754F27C}.Release|Any CPU.Build.0 = Release|Any CPU
		{FB27036B-91D4-4DF6-8C45-0CC4FBDC3AB9}.Debug|Any CPU.ActiveCfg = Debug|Any CPU
		{FB27036B-91D4-4DF6-8C45-0CC4FBDC3AB9}.Debug|Any CPU.Build.0 = Debug|Any CPU
		{FB27036B-91D4-4DF6-8C45-0CC4FBDC3AB9}.Release|Any CPU.ActiveCfg = Release|Any CPU
		{FB27036B-91D4-4DF6-8C45-0CC4FBDC3AB9}.Release|Any CPU.Build.0 = Release|Any CPU
		{43480B0F-DDBF-4536-B231-3F70E5BE226A}.Debug|Any CPU.ActiveCfg = Debug|Any CPU
		{43480B0F-DDBF-4536-B231-3F70E5BE226A}.Debug|Any CPU.Build.0 = Debug|Any CPU
		{43480B0F-DDBF-4536-B231-3F70E5BE226A}.Release|Any CPU.ActiveCfg = Release|Any CPU
		{43480B0F-DDBF-4536-B231-3F70E5BE226A}.Release|Any CPU.Build.0 = Release|Any CPU
		{28EED41A-C79A-42BB-B333-F87471662F07}.Debug|Any CPU.ActiveCfg = Debug|Any CPU
		{28EED41A-C79A-42BB-B333-F87471662F07}.Debug|Any CPU.Build.0 = Debug|Any CPU
		{28EED41A-C79A-42BB-B333-F87471662F07}.Release|Any CPU.ActiveCfg = Release|Any CPU
		{28EED41A-C79A-42BB-B333-F87471662F07}.Release|Any CPU.Build.0 = Release|Any CPU
		{C958BA65-EF0A-4974-8823-E6CF93FC54AE}.Debug|Any CPU.ActiveCfg = Debug|Any CPU
		{C958BA65-EF0A-4974-8823-E6CF93FC54AE}.Debug|Any CPU.Build.0 = Debug|Any CPU
		{C958BA65-EF0A-4974-8823-E6CF93FC54AE}.Release|Any CPU.ActiveCfg = Release|Any CPU
		{C958BA65-EF0A-4974-8823-E6CF93FC54AE}.Release|Any CPU.Build.0 = Release|Any CPU
		{DF7B6619-4AA0-4315-80F0-ECC3ACE0BA57}.Debug|Any CPU.ActiveCfg = Debug|Any CPU
		{DF7B6619-4AA0-4315-80F0-ECC3ACE0BA57}.Debug|Any CPU.Build.0 = Debug|Any CPU
		{DF7B6619-4AA0-4315-80F0-ECC3ACE0BA57}.Release|Any CPU.ActiveCfg = Release|Any CPU
		{DF7B6619-4AA0-4315-80F0-ECC3ACE0BA57}.Release|Any CPU.Build.0 = Release|Any CPU
	EndGlobalSection
	GlobalSection(SolutionProperties) = preSolution
		HideSolutionNode = FALSE
	EndGlobalSection
	GlobalSection(ExtensibilityGlobals) = postSolution
		SolutionGuid = {4A82BC39-0847-40CE-9770-D77C2D348F03}
	EndGlobalSection
EndGlobal
