
Microsoft Visual Studio Solution File, Format Version 12.00
# Visual Studio Version 17
VisualStudioVersion = 17.5.33502.453
MinimumVisualStudioVersion = 10.0.40219.1
Project("{FAE04EC0-301F-11D3-BF4B-00C04F79EFBC}") = "Exceptions_9.1", "Exceptions_9.1\Exceptions_9.1.csproj", "{2B57339F-13D5-4C28-B52E-F13CA07EBB1C}"
EndProject
Global
	GlobalSection(SolutionConfigurationPlatforms) = preSolution
		Debug|Any CPU = Debug|Any CPU
		Release|Any CPU = Release|Any CPU
	EndGlobalSection
	GlobalSection(ProjectConfigurationPlatforms) = postSolution
		{2B57339F-13D5-4C28-B52E-F13CA07EBB1C}.Debug|Any CPU.ActiveCfg = Debug|Any CPU
		{2B57339F-13D5-4C28-B52E-F13CA07EBB1C}.Debug|Any CPU.Build.0 = Debug|Any CPU
		{2B57339F-13D5-4C28-B52E-F13CA07EBB1C}.Release|Any CPU.ActiveCfg = Release|Any CPU
		{2B57339F-13D5-4C28-B52E-F13CA07EBB1C}.Release|Any CPU.Build.0 = Release|Any CPU
	EndGlobalSection
	GlobalSection(SolutionProperties) = preSolution
		HideSolutionNode = FALSE
	EndGlobalSection
	GlobalSection(ExtensibilityGlobals) = postSolution
		SolutionGuid = {4A82BC39-0847-40CE-9770-D77C2D348F03}
	EndGlobalSection
EndGlobal
